
Microsoft Visual Studio Solution File, Format Version 12.00
# Visual Studio Version 16
VisualStudioVersion = 16.0.30225.117
MinimumVisualStudioVersion = 10.0.40219.1
Project("{FAE04EC0-301F-11D3-BF4B-00C04F79EFBC}") = "Listview1", "Listview1\Listview1.csproj", "{979876A2-FB78-4A46-8D30-FA0B74E3A0F3}"
EndProject
Global
	GlobalSection(SolutionConfigurationPlatforms) = preSolution
		Debug|Any CPU = Debug|Any CPU
		Release|Any CPU = Release|Any CPU
	EndGlobalSection
	GlobalSection(ProjectConfigurationPlatforms) = postSolution
		{979876A2-FB78-4A46-8D30-FA0B74E3A0F3}.Debug|Any CPU.ActiveCfg = Debug|Any CPU
		{979876A2-FB78-4A46-8D30-FA0B74E3A0F3}.Debug|Any CPU.Build.0 = Debug|Any CPU
		{979876A2-FB78-4A46-8D30-FA0B74E3A0F3}.Release|Any CPU.ActiveCfg = Release|Any CPU
		{979876A2-FB78-4A46-8D30-FA0B74E3A0F3}.Release|Any CPU.Build.0 = Release|Any CPU
	EndGlobalSection
	GlobalSection(SolutionProperties) = preSolution
		HideSolutionNode = FALSE
	EndGlobalSection
	GlobalSection(ExtensibilityGlobals) = postSolution
		SolutionGuid = {99E43A83-FD7D-4BF9-93EC-AF5C788B6B35}
	EndGlobalSection
EndGlobal
